// !$*UTF8*$!
{
	archiveVersion = 1;
	classes = {
	};
	objectVersion = 50;
	objects = {

/* Begin PBXBuildFile section */
		F266A9362558A86600BE48BE /* AppDelegate.swift in Sources */ = {isa = PBXBuildFile; fileRef = F266A9352558A86600BE48BE /* AppDelegate.swift */; };
		F266A9382558A86600BE48BE /* SceneDelegate.swift in Sources */ = {isa = PBXBuildFile; fileRef = F266A9372558A86600BE48BE /* SceneDelegate.swift */; };
		F266A93A2558A86600BE48BE /* ViewController.swift in Sources */ = {isa = PBXBuildFile; fileRef = F266A9392558A86600BE48BE /* ViewController.swift */; };
		F266A93D2558A86600BE48BE /* Main.storyboard in Resources */ = {isa = PBXBuildFile; fileRef = F266A93B2558A86600BE48BE /* Main.storyboard */; };
		F266A93F2558A86800BE48BE /* Assets.xcassets in Resources */ = {isa = PBXBuildFile; fileRef = F266A93E2558A86800BE48BE /* Assets.xcassets */; };
		F266A9422558A86800BE48BE /* LaunchScreen.storyboard in Resources */ = {isa = PBXBuildFile; fileRef = F266A9402558A86800BE48BE /* LaunchScreen.storyboard */; };
		F266A94D2558A86900BE48BE /* tipTests.swift in Sources */ = {isa = PBXBuildFile; fileRef = F266A94C2558A86900BE48BE /* tipTests.swift */; };
		F266A9582558A86900BE48BE /* tipUITests.swift in Sources */ = {isa = PBXBuildFile; fileRef = F266A9572558A86900BE48BE /* tipUITests.swift */; };
		F266A96925A40EAA00BE48BE /* SettingsViewController.swift in Sources */ = {isa = PBXBuildFile; fileRef = F266A96825A40EAA00BE48BE /* SettingsViewController.swift */; };
/* End PBXBuildFile section */

/* Begin PBXContainerItemProxy section */
		F266A9492558A86900BE48BE /* PBXContainerItemProxy */ = {
			isa = PBXContainerItemProxy;
			containerPortal = F266A92A2558A86600BE48BE /* Project object */;
			proxyType = 1;
			remoteGlobalIDString = F266A9312558A86600BE48BE;
			remoteInfo = tip;
		};
		F266A9542558A86900BE48BE /* PBXContainerItemProxy */ = {
			isa = PBXContainerItemProxy;
			containerPortal = F266A92A2558A86600BE48BE /* Project object */;
			proxyType = 1;
			remoteGlobalIDString = F266A9312558A86600BE48BE;
			remoteInfo = tip;
		};
/* End PBXContainerItemProxy section */

/* Begin PBXFileReference section */
		F266A9322558A86600BE48BE /* tip.app */ = {isa = PBXFileReference; explicitFileType = wrapper.application; includeInIndex = 0; path = tip.app; sourceTree = BUILT_PRODUCTS_DIR; };
		F266A9352558A86600BE48BE /* AppDelegate.swift */ = {isa = PBXFileReference; lastKnownFileType = sourcecode.swift; path = AppDelegate.swift; sourceTree = "<group>"; };
		F266A9372558A86600BE48BE /* SceneDelegate.swift */ = {isa = PBXFileReference; lastKnownFileType = sourcecode.swift; path = SceneDelegate.swift; sourceTree = "<group>"; };
		F266A9392558A86600BE48BE /* ViewController.swift */ = {isa = PBXFileReference; lastKnownFileType = sourcecode.swift; path = ViewController.swift; sourceTree = "<group>"; };
		F266A93C2558A86600BE48BE /* Base */ = {isa = PBXFileReference; lastKnownFileType = file.storyboard; name = Base; path = Base.lproj/Main.storyboard; sourceTree = "<group>"; };
		F266A93E2558A86800BE48BE /* Assets.xcassets */ = {isa = PBXFileReference; lastKnownFileType = folder.assetcatalog; path = Assets.xcassets; sourceTree = "<group>"; };
		F266A9412558A86800BE48BE /* Base */ = {isa = PBXFileReference; lastKnownFileType = file.storyboard; name = Base; path = Base.lproj/LaunchScreen.storyboard; sourceTree = "<group>"; };
		F266A9432558A86800BE48BE /* Info.plist */ = {isa = PBXFileReference; lastKnownFileType = text.plist.xml; path = Info.plist; sourceTree = "<group>"; };
		F266A9482558A86900BE48BE /* tipTests.xctest */ = {isa = PBXFileReference; explicitFileType = wrapper.cfbundle; includeInIndex = 0; path = tipTests.xctest; sourceTree = BUILT_PRODUCTS_DIR; };
		F266A94C2558A86900BE48BE /* tipTests.swift */ = {isa = PBXFileReference; lastKnownFileType = sourcecode.swift; path = tipTests.swift; sourceTree = "<group>"; };
		F266A94E2558A86900BE48BE /* Info.plist */ = {isa = PBXFileReference; lastKnownFileType = text.plist.xml; path = Info.plist; sourceTree = "<group>"; };
		F266A9532558A86900BE48BE /* tipUITests.xctest */ = {isa = PBXFileReference; explicitFileType = wrapper.cfbundle; includeInIndex = 0; path = tipUITests.xctest; sourceTree = BUILT_PRODUCTS_DIR; };
		F266A9572558A86900BE48BE /* tipUITests.swift */ = {isa = PBXFileReference; lastKnownFileType = sourcecode.swift; path = tipUITests.swift; sourceTree = "<group>"; };
		F266A9592558A86900BE48BE /* Info.plist */ = {isa = PBXFileReference; lastKnownFileType = text.plist.xml; path = Info.plist; sourceTree = "<group>"; };
		F266A96825A40EAA00BE48BE /* SettingsViewController.swift */ = {isa = PBXFileReference; lastKnownFileType = sourcecode.swift; path = SettingsViewController.swift; sourceTree = "<group>"; };
/* End PBXFileReference section */

/* Begin PBXFrameworksBuildPhase section */
		F266A92F2558A86600BE48BE /* Frameworks */ = {
			isa = PBXFrameworksBuildPhase;
			buildActionMask = 2147483647;
			files = (
			);
			runOnlyForDeploymentPostprocessing = 0;
		};
		F266A9452558A86900BE48BE /* Frameworks */ = {
			isa = PBXFrameworksBuildPhase;
			buildActionMask = 2147483647;
			files = (
			);
			runOnlyForDeploymentPostprocessing = 0;
		};
		F266A9502558A86900BE48BE /* Frameworks */ = {
			isa = PBXFrameworksBuildPhase;
			buildActionMask = 2147483647;
			files = (
			);
			runOnlyForDeploymentPostprocessing = 0;
		};
/* End PBXFrameworksBuildPhase section */

/* Begin PBXGroup section */
		F266A9292558A86600BE48BE = {
			isa = PBXGroup;
			children = (
				F266A9342558A86600BE48BE /* tip */,
				F266A94B2558A86900BE48BE /* tipTests */,
				F266A9562558A86900BE48BE /* tipUITests */,
				F266A9332558A86600BE48BE /* Products */,
			);
			sourceTree = "<group>";
		};
		F266A9332558A86600BE48BE /* Products */ = {
			isa = PBXGroup;
			children = (
				F266A9322558A86600BE48BE /* tip.app */,
				F266A9482558A86900BE48BE /* tipTests.xctest */,
				F266A9532558A86900BE48BE /* tipUITests.xctest */,
			);
			name = Products;
			sourceTree = "<group>";
		};
		F266A9342558A86600BE48BE /* tip */ = {
			isa = PBXGroup;
			children = (
				F266A9352558A86600BE48BE /* AppDelegate.swift */,
				F266A9372558A86600BE48BE /* SceneDelegate.swift */,
				F266A9392558A86600BE48BE /* ViewController.swift */,
				F266A93B2558A86600BE48BE /* Main.storyboard */,
				F266A96825A40EAA00BE48BE /* SettingsViewController.swift */,
				F266A93E2558A86800BE48BE /* Assets.xcassets */,
				F266A9402558A86800BE48BE /* LaunchScreen.storyboard */,
				F266A9432558A86800BE48BE /* Info.plist */,
			);
			path = tip;
			sourceTree = "<group>";
		};
		F266A94B2558A86900BE48BE /* tipTests */ = {
			isa = PBXGroup;
			children = (
				F266A94C2558A86900BE48BE /* tipTests.swift */,
				F266A94E2558A86900BE48BE /* Info.plist */,
			);
			path = tipTests;
			sourceTree = "<group>";
		};
		F266A9562558A86900BE48BE /* tipUITests */ = {
			isa = PBXGroup;
			children = (
				F266A9572558A86900BE48BE /* tipUITests.swift */,
				F266A9592558A86900BE48BE /* Info.plist */,
			);
			path = tipUITests;
			sourceTree = "<group>";
		};
/* End PBXGroup section */

/* Begin PBXNativeTarget section */
		F266A9312558A86600BE48BE /* tip */ = {
			isa = PBXNativeTarget;
			buildConfigurationList = F266A95C2558A86900BE48BE /* Build configuration list for PBXNativeTarget "tip" */;
			buildPhases = (
				F266A92E2558A86600BE48BE /* Sources */,
				F266A92F2558A86600BE48BE /* Frameworks */,
				F266A9302558A86600BE48BE /* Resources */,
			);
			buildRules = (
			);
			dependencies = (
			);
			name = tip;
			productName = tip;
			productReference = F266A9322558A86600BE48BE /* tip.app */;
			productType = "com.apple.product-type.application";
		};
		F266A9472558A86900BE48BE /* tipTests */ = {
			isa = PBXNativeTarget;
			buildConfigurationList = F266A95F2558A86900BE48BE /* Build configuration list for PBXNativeTarget "tipTests" */;
			buildPhases = (
				F266A9442558A86900BE48BE /* Sources */,
				F266A9452558A86900BE48BE /* Frameworks */,
				F266A9462558A86900BE48BE /* Resources */,
			);
			buildRules = (
			);
			dependencies = (
				F266A94A2558A86900BE48BE /* PBXTargetDependency */,
			);
			name = tipTests;
			productName = tipTests;
			productReference = F266A9482558A86900BE48BE /* tipTests.xctest */;
			productType = "com.apple.product-type.bundle.unit-test";
		};
		F266A9522558A86900BE48BE /* tipUITests */ = {
			isa = PBXNativeTarget;
			buildConfigurationList = F266A9622558A86900BE48BE /* Build configuration list for PBXNativeTarget "tipUITests" */;
			buildPhases = (
				F266A94F2558A86900BE48BE /* Sources */,
				F266A9502558A86900BE48BE /* Frameworks */,
				F266A9512558A86900BE48BE /* Resources */,
			);
			buildRules = (
			);
			dependencies = (
				F266A9552558A86900BE48BE /* PBXTargetDependency */,
			);
			name = tipUITests;
			productName = tipUITests;
			productReference = F266A9532558A86900BE48BE /* tipUITests.xctest */;
			productType = "com.apple.product-type.bundle.ui-testing";
		};
/* End PBXNativeTarget section */

/* Begin PBXProject section */
		F266A92A2558A86600BE48BE /* Project object */ = {
			isa = PBXProject;
			attributes = {
				LastSwiftUpdateCheck = 1210;
				LastUpgradeCheck = 1210;
				TargetAttributes = {
					F266A9312558A86600BE48BE = {
						CreatedOnToolsVersion = 12.1;
					};
					F266A9472558A86900BE48BE = {
						CreatedOnToolsVersion = 12.1;
						TestTargetID = F266A9312558A86600BE48BE;
					};
					F266A9522558A86900BE48BE = {
						CreatedOnToolsVersion = 12.1;
						TestTargetID = F266A9312558A86600BE48BE;
					};
				};
			};
			buildConfigurationList = F266A92D2558A86600BE48BE /* Build configuration list for PBXProject "tip" */;
			compatibilityVersion = "Xcode 9.3";
			developmentRegion = en;
			hasScannedForEncodings = 0;
			knownRegions = (
				en,
				Base,
			);
			mainGroup = F266A9292558A86600BE48BE;
			productRefGroup = F266A9332558A86600BE48BE /* Products */;
			projectDirPath = "";
			projectRoot = "";
			targets = (
				F266A9312558A86600BE48BE /* tip */,
				F266A9472558A86900BE48BE /* tipTests */,
				F266A9522558A86900BE48BE /* tipUITests */,
			);
		};
/* End PBXProject section */

/* Begin PBXResourcesBuildPhase section */
		F266A9302558A86600BE48BE /* Resources */ = {
			isa = PBXResourcesBuildPhase;
			buildActionMask = 2147483647;
			files = (
				F266A9422558A86800BE48BE /* LaunchScreen.storyboard in Resources */,
				F266A93F2558A86800BE48BE /* Assets.xcassets in Resources */,
				F266A93D2558A86600BE48BE /* Main.storyboard in Resources */,
			);
			runOnlyForDeploymentPostprocessing = 0;
		};
		F266A9462558A86900BE48BE /* Resources */ = {
			isa = PBXResourcesBuildPhase;
			buildActionMask = 2147483647;
			files = (
			);
			runOnlyForDeploymentPostprocessing = 0;
		};
		F266A9512558A86900BE48BE /* Resources */ = {
			isa = PBXResourcesBuildPhase;
			buildActionMask = 2147483647;
			files = (
			);
			runOnlyForDeploymentPostprocessing = 0;
		};
/* End PBXResourcesBuildPhase section */

/* Begin PBXSourcesBuildPhase section */
		F266A92E2558A86600BE48BE /* Sources */ = {
			isa = PBXSourcesBuildPhase;
			buildActionMask = 2147483647;
			files = (
				F266A93A2558A86600BE48BE /* ViewController.swift in Sources */,
				F266A9362558A86600BE48BE /* AppDelegate.swift in Sources */,
				F266A9382558A86600BE48BE /* SceneDelegate.swift in Sources */,
				F266A96925A40EAA00BE48BE /* SettingsViewController.swift in Sources */,
			);
			runOnlyForDeploymentPostprocessing = 0;
		};
		F266A9442558A86900BE48BE /* Sources */ = {
			isa = PBXSourcesBuildPhase;
			buildActionMask = 2147483647;
			files = (
				F266A94D2558A86900BE48BE /* tipTests.swift in Sources */,
			);
			runOnlyForDeploymentPostprocessing = 0;
		};
		F266A94F2558A86900BE48BE /* Sources */ = {
			isa = PBXSourcesBuildPhase;
			buildActionMask = 2147483647;
			files = (
				F266A9582558A86900BE48BE /* tipUITests.swift in Sources */,
			);
			runOnlyForDeploymentPostprocessing = 0;
		};
/* End PBXSourcesBuildPhase section */

/* Begin PBXTargetDependency section */
		F266A94A2558A86900BE48BE /* PBXTargetDependency */ = {
			isa = PBXTargetDependency;
			target = F266A9312558A86600BE48BE /* tip */;
			targetProxy = F266A9492558A86900BE48BE /* PBXContainerItemProxy */;
		};
		F266A9552558A86900BE48BE /* PBXTargetDependency */ = {
			isa = PBXTargetDependency;
			target = F266A9312558A86600BE48BE /* tip */;
			targetProxy = F266A9542558A86900BE48BE /* PBXContainerItemProxy */;
		};
/* End PBXTargetDependency section */

/* Begin PBXVariantGroup section */
		F266A93B2558A86600BE48BE /* Main.storyboard */ = {
			isa = PBXVariantGroup;
			children = (
				F266A93C2558A86600BE48BE /* Base */,
			);
			name = Main.storyboard;
			sourceTree = "<group>";
		};
		F266A9402558A86800BE48BE /* LaunchScreen.storyboard */ = {
			isa = PBXVariantGroup;
			children = (
				F266A9412558A86800BE48BE /* Base */,
			);
			name = LaunchScreen.storyboard;
			sourceTree = "<group>";
		};
/* End PBXVariantGroup section */

/* Begin XCBuildConfiguration section */
		F266A95A2558A86900BE48BE /* Debug */ = {
			isa = XCBuildConfiguration;
			buildSettings = {
				ALWAYS_SEARCH_USER_PATHS = NO;
				CLANG_ANALYZER_NONNULL = YES;
				CLANG_ANALYZER_NUMBER_OBJECT_CONVERSION = YES_AGGRESSIVE;
				CLANG_CXX_LANGUAGE_STANDARD = "gnu++14";
				CLANG_CXX_LIBRARY = "libc++";
				CLANG_ENABLE_MODULES = YES;
				CLANG_ENABLE_OBJC_ARC = YES;
				CLANG_ENABLE_OBJC_WEAK = YES;
				CLANG_WARN_BLOCK_CAPTURE_AUTORELEASING = YES;
				CLANG_WARN_BOOL_CONVERSION = YES;
				CLANG_WARN_COMMA = YES;
				CLANG_WARN_CONSTANT_CONVERSION = YES;
				CLANG_WARN_DEPRECATED_OBJC_IMPLEMENTATIONS = YES;
				CLANG_WARN_DIRECT_OBJC_ISA_USAGE = YES_ERROR;
				CLANG_WARN_DOCUMENTATION_COMMENTS = YES;
				CLANG_WARN_EMPTY_BODY = YES;
				CLANG_WARN_ENUM_CONVERSION = YES;
				CLANG_WARN_INFINITE_RECURSION = YES;
				CLANG_WARN_INT_CONVERSION = YES;
				CLANG_WARN_NON_LITERAL_NULL_CONVERSION = YES;
				CLANG_WARN_OBJC_IMPLICIT_RETAIN_SELF = YES;
				CLANG_WARN_OBJC_LITERAL_CONVERSION = YES;
				CLANG_WARN_OBJC_ROOT_CLASS = YES_ERROR;
				CLANG_WARN_QUOTED_INCLUDE_IN_FRAMEWORK_HEADER = YES;
				CLANG_WARN_RANGE_LOOP_ANALYSIS = YES;
				CLANG_WARN_STRICT_PROTOTYPES = YES;
				CLANG_WARN_SUSPICIOUS_MOVE = YES;
				CLANG_WARN_UNGUARDED_AVAILABILITY = YES_AGGRESSIVE;
				CLANG_WARN_UNREACHABLE_CODE = YES;
				CLANG_WARN__DUPLICATE_METHOD_MATCH = YES;
				COPY_PHASE_STRIP = NO;
				DEBUG_INFORMATION_FORMAT = dwarf;
				ENABLE_STRICT_OBJC_MSGSEND = YES;
				ENABLE_TESTABILITY = YES;
				GCC_C_LANGUAGE_STANDARD = gnu11;
				GCC_DYNAMIC_NO_PIC = NO;
				GCC_NO_COMMON_BLOCKS = YES;
				GCC_OPTIMIZATION_LEVEL = 0;
				GCC_PREPROCESSOR_DEFINITIONS = (
					"DEBUG=1",
					"$(inherited)",
				);
				GCC_WARN_64_TO_32_BIT_CONVERSION = YES;
				GCC_WARN_ABOUT_RETURN_TYPE = YES_ERROR;
				GCC_WARN_UNDECLARED_SELECTOR = YES;
				GCC_WARN_UNINITIALIZED_AUTOS = YES_AGGRESSIVE;
				GCC_WARN_UNUSED_FUNCTION = YES;
				GCC_WARN_UNUSED_VARIABLE = YES;
				IPHONEOS_DEPLOYMENT_TARGET = 14.1;
				MTL_ENABLE_DEBUG_INFO = INCLUDE_SOURCE;
				MTL_FAST_MATH = YES;
				ONLY_ACTIVE_ARCH = YES;
				SDKROOT = iphoneos;
				SWIFT_ACTIVE_COMPILATION_CONDITIONS = DEBUG;
				SWIFT_OPTIMIZATION_LEVEL = "-Onone";
			};
			name = Debug;
		};
		F266A95B2558A86900BE48BE /* Release */ = {
			isa = XCBuildConfiguration;
			buildSettings = {
				ALWAYS_SEARCH_USER_PATHS = NO;
				CLANG_ANALYZER_NONNULL = YES;
				CLANG_ANALYZER_NUMBER_OBJECT_CONVERSION = YES_AGGRESSIVE;
				CLANG_CXX_LANGUAGE_STANDARD = "gnu++14";
				CLANG_CXX_LIBRARY = "libc++";
				CLANG_ENABLE_MODULES = YES;
				CLANG_ENABLE_OBJC_ARC = YES;
				CLANG_ENABLE_OBJC_WEAK = YES;
				CLANG_WARN_BLOCK_CAPTURE_AUTORELEASING = YES;
				CLANG_WARN_BOOL_CONVERSION = YES;
				CLANG_WARN_COMMA = YES;
				CLANG_WARN_CONSTANT_CONVERSION = YES;
				CLANG_WARN_DEPRECATED_OBJC_IMPLEMENTATIONS = YES;
				CLANG_WARN_DIRECT_OBJC_ISA_USAGE = YES_ERROR;
				CLANG_WARN_DOCUMENTATION_COMMENTS = YES;
				CLANG_WARN_EMPTY_BODY = YES;
				CLANG_WARN_ENUM_CONVERSION = YES;
				CLANG_WARN_INFINITE_RECURSION = YES;
				CLANG_WARN_INT_CONVERSION = YES;
				CLANG_WARN_NON_LITERAL_NULL_CONVERSION = YES;
				CLANG_WARN_OBJC_IMPLICIT_RETAIN_SELF = YES;
				CLANG_WARN_OBJC_LITERAL_CONVERSION = YES;
				CLANG_WARN_OBJC_ROOT_CLASS = YES_ERROR;
				CLANG_WARN_QUOTED_INCLUDE_IN_FRAMEWORK_HEADER = YES;
				CLANG_WARN_RANGE_LOOP_ANALYSIS = YES;
				CLANG_WARN_STRICT_PROTOTYPES = YES;
				CLANG_WARN_SUSPICIOUS_MOVE = YES;
				CLANG_WARN_UNGUARDED_AVAILABILITY = YES_AGGRESSIVE;
				CLANG_WARN_UNREACHABLE_CODE = YES;
				CLANG_WARN__DUPLICATE_METHOD_MATCH = YES;
				COPY_PHASE_STRIP = NO;
				DEBUG_INFORMATION_FORMAT = "dwarf-with-dsym";
				ENABLE_NS_ASSERTIONS = NO;
				ENABLE_STRICT_OBJC_MSGSEND = YES;
				GCC_C_LANGUAGE_STANDARD = gnu11;
				GCC_NO_COMMON_BLOCKS = YES;
				GCC_WARN_64_TO_32_BIT_CONVERSION = YES;
				GCC_WARN_ABOUT_RETURN_TYPE = YES_ERROR;
				GCC_WARN_UNDECLARED_SELECTOR = YES;
				GCC_WARN_UNINITIALIZED_AUTOS = YES_AGGRESSIVE;
				GCC_WARN_UNUSED_FUNCTION = YES;
				GCC_WARN_UNUSED_VARIABLE = YES;
				IPHONEOS_DEPLOYMENT_TARGET = 14.1;
				MTL_ENABLE_DEBUG_INFO = NO;
				MTL_FAST_MATH = YES;
				SDKROOT = iphoneos;
				SWIFT_COMPILATION_MODE = wholemodule;
				SWIFT_OPTIMIZATION_LEVEL = "-O";
				VALIDATE_PRODUCT = YES;
			};
			name = Release;
		};
		F266A95D2558A86900BE48BE /* Debug */ = {
			isa = XCBuildConfiguration;
			buildSettings = {
				ASSETCATALOG_COMPILER_APPICON_NAME = AppIcon;
				ASSETCATALOG_COMPILER_GLOBAL_ACCENT_COLOR_NAME = AccentColor;
				CODE_SIGN_STYLE = Automatic;
				INFOPLIST_FILE = tip/Info.plist;
				LD_RUNPATH_SEARCH_PATHS = (
					"$(inherited)",
					"@executable_path/Frameworks",
				);
				PRODUCT_BUNDLE_IDENTIFIER = Codepath.tip;
				PRODUCT_NAME = "$(TARGET_NAME)";
				SWIFT_VERSION = 5.0;
				TARGETED_DEVICE_FAMILY = "1,2";
			};
			name = Debug;
		};
		F266A95E2558A86900BE48BE /* Release */ = {
			isa = XCBuildConfiguration;
			buildSettings = {
				ASSETCATALOG_COMPILER_APPICON_NAME = AppIcon;
				ASSETCATALOG_COMPILER_GLOBAL_ACCENT_COLOR_NAME = AccentColor;
				CODE_SIGN_STYLE = Automatic;
				INFOPLIST_FILE = tip/Info.plist;
				LD_RUNPATH_SEARCH_PATHS = (
					"$(inherited)",
					"@executable_path/Frameworks",
				);
				PRODUCT_BUNDLE_IDENTIFIER = Codepath.tip;
				PRODUCT_NAME = "$(TARGET_NAME)";
				SWIFT_VERSION = 5.0;
				TARGETED_DEVICE_FAMILY = "1,2";
			};
			name = Release;
		};
		F266A9602558A86900BE48BE /* Debug */ = {
			isa = XCBuildConfiguration;
			buildSettings = {
				ALWAYS_EMBED_SWIFT_STANDARD_LIBRARIES = YES;
				BUNDLE_LOADER = "$(TEST_HOST)";
				CODE_SIGN_STYLE = Automatic;
				INFOPLIST_FILE = tipTests/Info.plist;
				IPHONEOS_DEPLOYMENT_TARGET = 14.1;
				LD_RUNPATH_SEARCH_PATHS = (
					"$(inherited)",
					"@executable_path/Frameworks",
					"@loader_path/Frameworks",
				);
				PRODUCT_BUNDLE_IDENTIFIER = Codepath.tipTests;
				PRODUCT_NAME = "$(TARGET_NAME)";
				SWIFT_VERSION = 5.0;
				TARGETED_DEVICE_FAMILY = "1,2";
				TEST_HOST = "$(BUILT_PRODUCTS_DIR)/tip.app/tip";
			};
			name = Debug;
		};
		F266A9612558A86900BE48BE /* Release */ = {
			isa = XCBuildConfiguration;
			buildSettings = {
				ALWAYS_EMBED_SWIFT_STANDARD_LIBRARIES = YES;
				BUNDLE_LOADER = "$(TEST_HOST)";
				CODE_SIGN_STYLE = Automatic;
				INFOPLIST_FILE = tipTests/Info.plist;
				IPHONEOS_DEPLOYMENT_TARGET = 14.1;
				LD_RUNPATH_SEARCH_PATHS = (
					"$(inherited)",
					"@executable_path/Frameworks",
					"@loader_path/Frameworks",
				);
				PRODUCT_BUNDLE_IDENTIFIER = Codepath.tipTests;
				PRODUCT_NAME = "$(TARGET_NAME)";
				SWIFT_VERSION = 5.0;
				TARGETED_DEVICE_FAMILY = "1,2";
				TEST_HOST = "$(BUILT_PRODUCTS_DIR)/tip.app/tip";
			};
			name = Release;
		};
		F266A9632558A86900BE48BE /* Debug */ = {
			isa = XCBuildConfiguration;
			buildSettings = {
				ALWAYS_EMBED_SWIFT_STANDARD_LIBRARIES = YES;
				CODE_SIGN_STYLE = Automatic;
				INFOPLIST_FILE = tipUITests/Info.plist;
				LD_RUNPATH_SEARCH_PATHS = (
					"$(inherited)",
					"@executable_path/Frameworks",
					"@loader_path/Frameworks",
				);
				PRODUCT_BUNDLE_IDENTIFIER = Codepath.tipUITests;
				PRODUCT_NAME = "$(TARGET_NAME)";
				SWIFT_VERSION = 5.0;
				TARGETED_DEVICE_FAMILY = "1,2";
				TEST_TARGET_NAME = tip;
			};
			name = Debug;
		};
		F266A9642558A86900BE48BE /* Release */ = {
			isa = XCBuildConfiguration;
			buildSettings = {
				ALWAYS_EMBED_SWIFT_STANDARD_LIBRARIES = YES;
				CODE_SIGN_STYLE = Automatic;
				INFOPLIST_FILE = tipUITests/Info.plist;
				LD_RUNPATH_SEARCH_PATHS = (
					"$(inherited)",
					"@executable_path/Frameworks",
					"@loader_path/Frameworks",
				);
				PRODUCT_BUNDLE_IDENTIFIER = Codepath.tipUITests;
				PRODUCT_NAME = "$(TARGET_NAME)";
				SWIFT_VERSION = 5.0;
				TARGETED_DEVICE_FAMILY = "1,2";
				TEST_TARGET_NAME = tip;
			};
			name = Release;
		};
/* End XCBuildConfiguration section */

/* Begin XCConfigurationList section */
		F266A92D2558A86600BE48BE /* Build configuration list for PBXProject "tip" */ = {
			isa = XCConfigurationList;
			buildConfigurations = (
				F266A95A2558A86900BE48BE /* Debug */,
				F266A95B2558A86900BE48BE /* Release */,
			);
			defaultConfigurationIsVisible = 0;
			defaultConfigurationName = Release;
		};
		F266A95C2558A86900BE48BE /* Build configuration list for PBXNativeTarget "tip" */ = {
			isa = XCConfigurationList;
			buildConfigurations = (
				F266A95D2558A86900BE48BE /* Debug */,
				F266A95E2558A86900BE48BE /* Release */,
			);
			defaultConfigurationIsVisible = 0;
			defaultConfigurationName = Release;
		};
		F266A95F2558A86900BE48BE /* Build configuration list for PBXNativeTarget "tipTests" */ = {
			isa = XCConfigurationList;
			buildConfigurations = (
				F266A9602558A86900BE48BE /* Debug */,
				F266A9612558A86900BE48BE /* Release */,
			);
			defaultConfigurationIsVisible = 0;
			defaultConfigurationName = Release;
		};
		F266A9622558A86900BE48BE /* Build configuration list for PBXNativeTarget "tipUITests" */ = {
			isa = XCConfigurationList;
			buildConfigurations = (
				F266A9632558A86900BE48BE /* Debug */,
				F266A9642558A86900BE48BE /* Release */,
			);
			defaultConfigurationIsVisible = 0;
			defaultConfigurationName = Release;
		};
/* End XCConfigurationList section */
	};
	rootObject = F266A92A2558A86600BE48BE /* Project object */;
}
